
Microsoft Visual Studio Solution File, Format Version 12.00
# Visual Studio Version 17
VisualStudioVersion = 17.7.34031.279
MinimumVisualStudioVersion = 10.0.40219.1
Project("{8BC9CEB8-8B4A-11D0-8D11-00A0C91BC942}") = "Tugas Lab Minggu Ke 6", "Tugas Lab Minggu Ke 6\Tugas Lab Minggu Ke 6.vcxproj", "{D737C313-D6EF-4A2B-984D-7FC1FD7A3C54}"
EndProject
Global
	GlobalSection(SolutionConfigurationPlatforms) = preSolution
		Debug|x64 = Debug|x64
		Debug|x86 = Debug|x86
		Release|x64 = Release|x64
		Release|x86 = Release|x86
	EndGlobalSection
	GlobalSection(ProjectConfigurationPlatforms) = postSolution
		{D737C313-D6EF-4A2B-984D-7FC1FD7A3C54}.Debug|x64.ActiveCfg = Debug|x64
		{D737C313-D6EF-4A2B-984D-7FC1FD7A3C54}.Debug|x64.Build.0 = Debug|x64
		{D737C313-D6EF-4A2B-984D-7FC1FD7A3C54}.Debug|x86.ActiveCfg = Debug|Win32
		{D737C313-D6EF-4A2B-984D-7FC1FD7A3C54}.Debug|x86.Build.0 = Debug|Win32
		{D737C313-D6EF-4A2B-984D-7FC1FD7A3C54}.Release|x64.ActiveCfg = Release|x64
		{D737C313-D6EF-4A2B-984D-7FC1FD7A3C54}.Release|x64.Build.0 = Release|x64
		{D737C313-D6EF-4A2B-984D-7FC1FD7A3C54}.Release|x86.ActiveCfg = Release|Win32
		{D737C313-D6EF-4A2B-984D-7FC1FD7A3C54}.Release|x86.Build.0 = Release|Win32
	EndGlobalSection
	GlobalSection(SolutionProperties) = preSolution
		HideSolutionNode = FALSE
	EndGlobalSection
	GlobalSection(ExtensibilityGlobals) = postSolution
		SolutionGuid = {1EE810A8-2F0C-4C9A-B657-B2FA822E322C}
	EndGlobalSection
EndGlobal
